
Microsoft Visual Studio Solution File, Format Version 12.00
# Visual Studio 15
VisualStudioVersion = 15.0.27703.2018
MinimumVisualStudioVersion = 10.0.40219.1
Project("{9A19103F-16F7-4668-BE54-9A1E7A4F7556}") = "APIWithSql", "APIWithSql\APIWithSql.csproj", "{14F382EF-873B-43D2-861E-07FC9FD5A600}"
EndProject
Project("{E53339B2-1760-4266-BCC7-CA923CBCF16C}") = "docker-compose", "docker-compose.dcproj", "{C2420D32-4DFC-4CE2-9CEE-CB0AC09CCF7E}"
EndProject
Global
	GlobalSection(SolutionConfigurationPlatforms) = preSolution
		Debug|Any CPU = Debug|Any CPU
		Release|Any CPU = Release|Any CPU
	EndGlobalSection
	GlobalSection(ProjectConfigurationPlatforms) = postSolution
		{14F382EF-873B-43D2-861E-07FC9FD5A600}.Debug|Any CPU.ActiveCfg = Debug|Any CPU
		{14F382EF-873B-43D2-861E-07FC9FD5A600}.Debug|Any CPU.Build.0 = Debug|Any CPU
		{14F382EF-873B-43D2-861E-07FC9FD5A600}.Release|Any CPU.ActiveCfg = Release|Any CPU
		{14F382EF-873B-43D2-861E-07FC9FD5A600}.Release|Any CPU.Build.0 = Release|Any CPU
		{C2420D32-4DFC-4CE2-9CEE-CB0AC09CCF7E}.Debug|Any CPU.ActiveCfg = Debug|Any CPU
		{C2420D32-4DFC-4CE2-9CEE-CB0AC09CCF7E}.Debug|Any CPU.Build.0 = Debug|Any CPU
		{C2420D32-4DFC-4CE2-9CEE-CB0AC09CCF7E}.Release|Any CPU.ActiveCfg = Release|Any CPU
		{C2420D32-4DFC-4CE2-9CEE-CB0AC09CCF7E}.Release|Any CPU.Build.0 = Release|Any CPU
	EndGlobalSection
	GlobalSection(SolutionProperties) = preSolution
		HideSolutionNode = FALSE
	EndGlobalSection
	GlobalSection(ExtensibilityGlobals) = postSolution
		SolutionGuid = {9807B98C-9DC3-4D7D-AF65-D7B83E496BF4}
	EndGlobalSection
EndGlobal
