
Microsoft Visual Studio Solution File, Format Version 12.00
# Visual Studio 15
VisualStudioVersion = 15.0.26730.12
MinimumVisualStudioVersion = 10.0.40219.1
Project("{9A19103F-16F7-4668-BE54-9A1E7A4F7556}") = "HelloWorld", "HelloWorld.csproj", "{4F1B9E3F-4EC2-44E9-BC6D-40F00DEFA62C}"
EndProject
Global
	GlobalSection(SolutionConfigurationPlatforms) = preSolution
		Debug|Any CPU = Debug|Any CPU
		Release|Any CPU = Release|Any CPU
	EndGlobalSection
	GlobalSection(ProjectConfigurationPlatforms) = postSolution
		{4F1B9E3F-4EC2-44E9-BC6D-40F00DEFA62C}.Debug|Any CPU.ActiveCfg = Debug|Any CPU
		{4F1B9E3F-4EC2-44E9-BC6D-40F00DEFA62C}.Debug|Any CPU.Build.0 = Debug|Any CPU
		{4F1B9E3F-4EC2-44E9-BC6D-40F00DEFA62C}.Release|Any CPU.ActiveCfg = Release|Any CPU
		{4F1B9E3F-4EC2-44E9-BC6D-40F00DEFA62C}.Release|Any CPU.Build.0 = Release|Any CPU
	EndGlobalSection
	GlobalSection(SolutionProperties) = preSolution
		HideSolutionNode = FALSE
	EndGlobalSection
	GlobalSection(ExtensibilityGlobals) = postSolution
		SolutionGuid = {999C69D6-FFC7-426A-96B1-E7DCF238D9D3}
	EndGlobalSection
EndGlobal
